
Microsoft Visual Studio Solution File, Format Version 12.00
# Visual Studio 15
VisualStudioVersion = 15.0.34031.82
MinimumVisualStudioVersion = 10.0.40219.1
Project("{FAE04EC0-301F-11D3-BF4B-00C04F79EFBC}") = "MvcAdminLte", "MvcAdminLte\MvcAdminLte.csproj", "{50C894E5-E479-4C8A-8633-9A0C530E1C6A}"
EndProject
Project("{FAE04EC0-301F-11D3-BF4B-00C04F79EFBC}") = "MvcApi", "MvcApi\MvcApi.csproj", "{E77643D4-2C8A-4ADA-AAD0-CAA868C4C732}"
EndProject
Global
	GlobalSection(SolutionConfigurationPlatforms) = preSolution
		Debug|Any CPU = Debug|Any CPU
		Release|Any CPU = Release|Any CPU
	EndGlobalSection
	GlobalSection(ProjectConfigurationPlatforms) = postSolution
		{50C894E5-E479-4C8A-8633-9A0C530E1C6A}.Debug|Any CPU.ActiveCfg = Debug|Any CPU
		{50C894E5-E479-4C8A-8633-9A0C530E1C6A}.Debug|Any CPU.Build.0 = Debug|Any CPU
		{50C894E5-E479-4C8A-8633-9A0C530E1C6A}.Release|Any CPU.ActiveCfg = Release|Any CPU
		{50C894E5-E479-4C8A-8633-9A0C530E1C6A}.Release|Any CPU.Build.0 = Release|Any CPU
		{E77643D4-2C8A-4ADA-AAD0-CAA868C4C732}.Debug|Any CPU.ActiveCfg = Debug|Any CPU
		{E77643D4-2C8A-4ADA-AAD0-CAA868C4C732}.Debug|Any CPU.Build.0 = Debug|Any CPU
		{E77643D4-2C8A-4ADA-AAD0-CAA868C4C732}.Release|Any CPU.ActiveCfg = Release|Any CPU
		{E77643D4-2C8A-4ADA-AAD0-CAA868C4C732}.Release|Any CPU.Build.0 = Release|Any CPU
	EndGlobalSection
	GlobalSection(SolutionProperties) = preSolution
		HideSolutionNode = FALSE
	EndGlobalSection
	GlobalSection(ExtensibilityGlobals) = postSolution
		SolutionGuid = {FEE3A13D-AF8D-4299-AB3D-28915723C0BF}
	EndGlobalSection
EndGlobal
